{
  "name": "asp.net",
  "version": "1.0.0",
  "lockfileVersion": 1,
  "requires": true,
  "dependencies": {
    "alertifyjs": {
      "version": "1.11.2",
      "resolved": "https://registry.npmjs.org/alertifyjs/-/alertifyjs-1.11.2.tgz",
      "integrity": "sha512-WhNCHCz5WycRJ34/gDAQQU4hqiOc6VyvDPi/eiPUJf3HIYm0U0L23zDGXR1cSXdYCzvZVxlHdQH7asXVjHBHqA==",
      "dev": true
    },
    "animate.css": {
      "version": "3.7.0",
      "resolved": "https://registry.npmjs.org/animate.css/-/animate.css-3.7.0.tgz",
      "integrity": "sha512-u3iMXDJr0cxMdQocIciDiou9Au4L5f9uT+/jCtprw3s1j3HcfCuI+khF+90Ps2KdsEhM2soF7SXB4WUvI3HlXg==",
      "dev": true
    },
    "bootbox": {
      "version": "4.4.0",
      "resolved": "https://registry.npmjs.org/bootbox/-/bootbox-4.4.0.tgz",
      "integrity": "sha1-/3+Jj7h9RSflR/62QVj4hFDRoMk=",
      "dev": true
    },
    "bootstrap-daterangepicker": {
      "version": "3.0.3",
      "resolved": "https://registry.npmjs.org/bootstrap-daterangepicker/-/bootstrap-daterangepicker-3.0.3.tgz",
      "integrity": "sha1-ZwxjjcEkoVqV3fBECvNNGs7nz/w=",
      "dev": true,
      "requires": {
        "jquery": ">=1.10",
        "moment": "^2.9.0"
      }
    },
    "chart.js": {
      "version": "2.7.3",
      "resolved": "https://registry.npmjs.org/chart.js/-/chart.js-2.7.3.tgz",
      "integrity": "sha1-zbYWGIML8hbciH4vexs8IotzxX4=",
      "dev": true,
      "requires": {
        "chartjs-color": "^2.1.0",
        "moment": "^2.10.2"
      }
    },
    "chartjs-color": {
      "version": "2.2.0",
      "resolved": "https://registry.npmjs.org/chartjs-color/-/chartjs-color-2.2.0.tgz",
      "integrity": "sha1-hKL7dVeH7YXDndbdjHsdiEKbrq4=",
      "dev": true,
      "requires": {
        "chartjs-color-string": "^0.5.0",
        "color-convert": "^0.5.3"
      }
    },
    "chartjs-color-string": {
      "version": "0.5.0",
      "resolved": "https://registry.npmjs.org/chartjs-color-string/-/chartjs-color-string-0.5.0.tgz",
      "integrity": "sha1-jTdS2Fgdhmh8Nb/iy4CsUhPOuME=",
      "dev": true,
      "requires": {
        "color-name": "^1.0.0"
      }
    },
    "ckeditor": {
      "version": "4.7.3",
      "resolved": "https://registry.npmjs.org/ckeditor/-/ckeditor-4.7.3.tgz",
      "integrity": "sha1-tIb7nrka+VMqCs+upKVTdJcCVNU=",
      "dev": true
    },
    "color-convert": {
      "version": "0.5.3",
      "resolved": "https://registry.npmjs.org/color-convert/-/color-convert-0.5.3.tgz",
      "integrity": "sha1-vbbGnOZg+t/+CwAHzER+G59ygr0=",
      "dev": true
    },
    "color-name": {
      "version": "1.1.4",
      "resolved": "https://registry.npmjs.org/color-name/-/color-name-1.1.4.tgz",
      "integrity": "sha1-wqCah6y95pVD3m9j+jmVyCbFNqI=",
      "dev": true
    },
    "datejs": {
      "version": "1.0.0-rc3",
      "resolved": "https://registry.npmjs.org/datejs/-/datejs-1.0.0-rc3.tgz",
      "integrity": "sha1-v/oe/t7+tB/diiQq9Vr6AftY3lc=",
      "dev": true
    },
    "fastclick": {
      "version": "1.0.6",
      "resolved": "https://registry.npmjs.org/fastclick/-/fastclick-1.0.6.tgz",
      "integrity": "sha1-FhYlsnsaWAZAWTa9qaLBkm0Gvmo=",
      "dev": true
    },
    "flot": {
      "version": "0.8.0-alpha",
      "resolved": "https://registry.npmjs.org/flot/-/flot-0.8.0-alpha.tgz",
      "integrity": "sha1-nLvHFHwQpH0lSduQvSmH7BunhLo=",
      "dev": true
    },
    "flot-orderbars": {
      "version": "1.0.0",
      "resolved": "https://registry.npmjs.org/flot-orderbars/-/flot-orderbars-1.0.0.tgz",
      "integrity": "sha1-kSuWhBgtn7/ZDjrMZmLhxSuhSHo=",
      "dev": true
    },
    "flot-spline": {
      "version": "0.0.1",
      "resolved": "https://registry.npmjs.org/flot-spline/-/flot-spline-0.0.1.tgz",
      "integrity": "sha1-RuaoZnC9SZ5cx02G6gW953gLCeY=",
      "dev": true
    },
    "flot.curvedlines": {
      "version": "1.1.1",
      "resolved": "https://registry.npmjs.org/flot.curvedlines/-/flot.curvedlines-1.1.1.tgz",
      "integrity": "sha1-7JQ+07dWtTIusdVmMipWBiddAdA=",
      "dev": true
    },
    "font-awesome": {
      "version": "4.7.0",
      "resolved": "https://registry.npmjs.org/font-awesome/-/font-awesome-4.7.0.tgz",
      "integrity": "sha1-j6jPBBGhoxr9B7BtKQK7n8gVoTM=",
      "dev": true
    },
    "gentelella": {
      "version": "1.4.0",
      "resolved": "https://registry.npmjs.org/gentelella/-/gentelella-1.4.0.tgz",
      "integrity": "sha1-s9Ff2cQMbqR9x/NikMj4mu6V78U=",
      "dev": true
    },
    "jquery": {
      "version": "2.2.4",
      "resolved": "https://registry.npmjs.org/jquery/-/jquery-2.2.4.tgz",
      "integrity": "sha1-LInWiJterFIqfuoywUUhVZxsvwI=",
      "dev": true
    },
    "jquery-easyui": {
      "version": "1.5.21",
      "resolved": "https://registry.npmjs.org/jquery-easyui/-/jquery-easyui-1.5.21.tgz",
      "integrity": "sha1-U2ghpdK+/ud4wbaumuLvShJLELs=",
      "dev": true
    },
    "jquery-sparkline": {
      "version": "2.4.0",
      "resolved": "https://registry.npmjs.org/jquery-sparkline/-/jquery-sparkline-2.4.0.tgz",
      "integrity": "sha1-G+i3twTdOFcVJwiu+x1KSzpp+zM=",
      "dev": true
    },
    "jquery-treegrid": {
      "version": "0.3.0",
      "resolved": "https://registry.npmjs.org/jquery-treegrid/-/jquery-treegrid-0.3.0.tgz",
      "integrity": "sha1-5EXU54nL2F7ARe1GcZLXCyqxidM=",
      "dev": true
    },
    "moment": {
      "version": "2.22.2",
      "resolved": "https://registry.npmjs.org/moment/-/moment-2.22.2.tgz",
      "integrity": "sha1-PCV/mDn8DpP/UxSWMiOeuQeD/2Y=",
      "dev": true
    },
    "mustache": {
      "version": "3.0.1",
      "resolved": "https://registry.npmjs.org/mustache/-/mustache-3.0.1.tgz",
      "integrity": "sha512-jFI/4UVRsRYdUbuDTKT7KzfOp7FiD5WzYmmwNwXyUVypC0xjoTL78Fqc0jHUPIvvGD+6DQSPHIt1NE7D1ArsqA==",
      "dev": true
    },
    "nprogress": {
      "version": "0.2.0",
      "resolved": "https://registry.npmjs.org/nprogress/-/nprogress-0.2.0.tgz",
      "integrity": "sha1-y480xTIT2JVyP8urkH6UIq28r7E=",
      "dev": true
    },
    "twbs-pagination": {
      "version": "1.4.1",
      "resolved": "https://registry.npmjs.org/twbs-pagination/-/twbs-pagination-1.4.1.tgz",
      "integrity": "sha1-8X6221QP4FG8h4Zlqk3GKO5PyBw=",
      "dev": true,
      "requires": {
        "jquery": ">=1.7"
      }
    }
  }
}
